
Microsoft Visual Studio Solution File, Format Version 12.00
# Visual Studio Version 16
VisualStudioVersion = 16.0.31129.286
MinimumVisualStudioVersion = 10.0.40219.1
Project("{2150E333-8FDC-42A3-9474-1A3956D46DE8}") = "1 - API", "1 - API", "{735364D6-578F-452F-BA33-5FED8242DFCA}"
EndProject
Project("{2150E333-8FDC-42A3-9474-1A3956D46DE8}") = "2 - Domain", "2 - Domain", "{AE95F5AA-751D-4EED-950E-22EF6867F719}"
EndProject
Project("{2150E333-8FDC-42A3-9474-1A3956D46DE8}") = "3 - IoC", "3 - IoC", "{72CE9AC1-7E50-4334-A60A-5A8D0A149B60}"
EndProject
Project("{2150E333-8FDC-42A3-9474-1A3956D46DE8}") = "4 - Test", "4 - Test", "{2FEF72FB-748C-4168-B09E-29C5D0223201}"
EndProject
Project("{9A19103F-16F7-4668-BE54-9A1E7A4F7556}") = "RecipeExpressApi", "RecipeExpressApi\RecipeExpressApi.csproj", "{ED928B7C-3248-408C-BD5D-21AF72FB25E0}"
EndProject
Project("{9A19103F-16F7-4668-BE54-9A1E7A4F7556}") = "RecipeExpressDomain", "RecipeExpressDomain\RecipeExpressDomain.csproj", "{478F3B91-909B-4FC1-88DB-97103B228AE0}"
EndProject
Project("{9A19103F-16F7-4668-BE54-9A1E7A4F7556}") = "RecipeExpressIoC", "RecipeExpressIoC\RecipeExpressIoC.csproj", "{D91E5FBA-27EF-4840-8BB6-0FA34C665E7F}"
EndProject
Project("{2150E333-8FDC-42A3-9474-1A3956D46DE8}") = "CrossCutting", "CrossCutting", "{A022F3DF-0374-4D0C-AE66-C931E6E9D5E8}"
EndProject
Project("{9A19103F-16F7-4668-BE54-9A1E7A4F7556}") = "RecipeExpress.Data", "RecipeExpress.Data\RecipeExpress.Data.csproj", "{DF2DBF0D-54B0-4C70-8607-EE2DCD764BDC}"
EndProject
Project("{FAE04EC0-301F-11D3-BF4B-00C04F79EFBC}") = "RecipeExpress.Test", "RecipeExpress.Test\RecipeExpress.Test.csproj", "{5CA1F3C6-0028-45E7-AE9B-768D1FB7C9F6}"
EndProject
Global
	GlobalSection(SolutionConfigurationPlatforms) = preSolution
		Debug|Any CPU = Debug|Any CPU
		Release|Any CPU = Release|Any CPU
	EndGlobalSection
	GlobalSection(ProjectConfigurationPlatforms) = postSolution
		{ED928B7C-3248-408C-BD5D-21AF72FB25E0}.Debug|Any CPU.ActiveCfg = Debug|Any CPU
		{ED928B7C-3248-408C-BD5D-21AF72FB25E0}.Debug|Any CPU.Build.0 = Debug|Any CPU
		{ED928B7C-3248-408C-BD5D-21AF72FB25E0}.Release|Any CPU.ActiveCfg = Release|Any CPU
		{ED928B7C-3248-408C-BD5D-21AF72FB25E0}.Release|Any CPU.Build.0 = Release|Any CPU
		{478F3B91-909B-4FC1-88DB-97103B228AE0}.Debug|Any CPU.ActiveCfg = Debug|Any CPU
		{478F3B91-909B-4FC1-88DB-97103B228AE0}.Debug|Any CPU.Build.0 = Debug|Any CPU
		{478F3B91-909B-4FC1-88DB-97103B228AE0}.Release|Any CPU.ActiveCfg = Release|Any CPU
		{478F3B91-909B-4FC1-88DB-97103B228AE0}.Release|Any CPU.Build.0 = Release|Any CPU
		{D91E5FBA-27EF-4840-8BB6-0FA34C665E7F}.Debug|Any CPU.ActiveCfg = Debug|Any CPU
		{D91E5FBA-27EF-4840-8BB6-0FA34C665E7F}.Debug|Any CPU.Build.0 = Debug|Any CPU
		{D91E5FBA-27EF-4840-8BB6-0FA34C665E7F}.Release|Any CPU.ActiveCfg = Release|Any CPU
		{D91E5FBA-27EF-4840-8BB6-0FA34C665E7F}.Release|Any CPU.Build.0 = Release|Any CPU
		{DF2DBF0D-54B0-4C70-8607-EE2DCD764BDC}.Debug|Any CPU.ActiveCfg = Debug|Any CPU
		{DF2DBF0D-54B0-4C70-8607-EE2DCD764BDC}.Debug|Any CPU.Build.0 = Debug|Any CPU
		{DF2DBF0D-54B0-4C70-8607-EE2DCD764BDC}.Release|Any CPU.ActiveCfg = Release|Any CPU
		{DF2DBF0D-54B0-4C70-8607-EE2DCD764BDC}.Release|Any CPU.Build.0 = Release|Any CPU
		{5CA1F3C6-0028-45E7-AE9B-768D1FB7C9F6}.Debug|Any CPU.ActiveCfg = Debug|Any CPU
		{5CA1F3C6-0028-45E7-AE9B-768D1FB7C9F6}.Debug|Any CPU.Build.0 = Debug|Any CPU
		{5CA1F3C6-0028-45E7-AE9B-768D1FB7C9F6}.Release|Any CPU.ActiveCfg = Release|Any CPU
		{5CA1F3C6-0028-45E7-AE9B-768D1FB7C9F6}.Release|Any CPU.Build.0 = Release|Any CPU
	EndGlobalSection
	GlobalSection(SolutionProperties) = preSolution
		HideSolutionNode = FALSE
	EndGlobalSection
	GlobalSection(NestedProjects) = preSolution
		{ED928B7C-3248-408C-BD5D-21AF72FB25E0} = {735364D6-578F-452F-BA33-5FED8242DFCA}
		{478F3B91-909B-4FC1-88DB-97103B228AE0} = {AE95F5AA-751D-4EED-950E-22EF6867F719}
		{D91E5FBA-27EF-4840-8BB6-0FA34C665E7F} = {A022F3DF-0374-4D0C-AE66-C931E6E9D5E8}
		{A022F3DF-0374-4D0C-AE66-C931E6E9D5E8} = {72CE9AC1-7E50-4334-A60A-5A8D0A149B60}
		{DF2DBF0D-54B0-4C70-8607-EE2DCD764BDC} = {72CE9AC1-7E50-4334-A60A-5A8D0A149B60}
		{5CA1F3C6-0028-45E7-AE9B-768D1FB7C9F6} = {2FEF72FB-748C-4168-B09E-29C5D0223201}
	EndGlobalSection
	GlobalSection(ExtensibilityGlobals) = postSolution
		SolutionGuid = {1234507A-1739-4CB3-A738-0DA99AF68B35}
	EndGlobalSection
EndGlobal
